
Microsoft Visual Studio Solution File, Format Version 12.00
# Visual Studio Version 16
VisualStudioVersion = 16.0.34301.259
MinimumVisualStudioVersion = 10.0.40219.1
Project("{FAE04EC0-301F-11D3-BF4B-00C04F79EFBC}") = "AshurovRoman_DataUser", "AshurovRoman_DataUser.csproj", "{2F582E2C-D4E6-46C8-83F3-ADD0B40B2987}"
EndProject
Global
	GlobalSection(SolutionConfigurationPlatforms) = preSolution
		Debug|Any CPU = Debug|Any CPU
		Release|Any CPU = Release|Any CPU
	EndGlobalSection
	GlobalSection(ProjectConfigurationPlatforms) = postSolution
		{2F582E2C-D4E6-46C8-83F3-ADD0B40B2987}.Debug|Any CPU.ActiveCfg = Debug|Any CPU
		{2F582E2C-D4E6-46C8-83F3-ADD0B40B2987}.Debug|Any CPU.Build.0 = Debug|Any CPU
		{2F582E2C-D4E6-46C8-83F3-ADD0B40B2987}.Release|Any CPU.ActiveCfg = Release|Any CPU
		{2F582E2C-D4E6-46C8-83F3-ADD0B40B2987}.Release|Any CPU.Build.0 = Release|Any CPU
	EndGlobalSection
	GlobalSection(SolutionProperties) = preSolution
		HideSolutionNode = FALSE
	EndGlobalSection
	GlobalSection(ExtensibilityGlobals) = postSolution
		SolutionGuid = {5E718A4A-1CDC-4F1C-8F7B-2948F7B09398}
	EndGlobalSection
EndGlobal
